// !$*UTF8*$!
{
	archiveVersion = 1;
	classes = {
	};
	objectVersion = 56;
	objects = {

/* Begin PBXBuildFile section */
		14420E292AD7F044006F2680 /* DetailViewController.swift in Sources */ = {isa = PBXBuildFile; fileRef = 14420E282AD7F044006F2680 /* DetailViewController.swift */; };
		1482F6372AD6974E00969449 /* AppDelegate.swift in Sources */ = {isa = PBXBuildFile; fileRef = 1482F6362AD6974E00969449 /* AppDelegate.swift */; };
		1482F6392AD6974E00969449 /* SceneDelegate.swift in Sources */ = {isa = PBXBuildFile; fileRef = 1482F6382AD6974E00969449 /* SceneDelegate.swift */; };
		1482F63B2AD6974E00969449 /* ViewController.swift in Sources */ = {isa = PBXBuildFile; fileRef = 1482F63A2AD6974E00969449 /* ViewController.swift */; };
		1482F63E2AD6974E00969449 /* Main.storyboard in Resources */ = {isa = PBXBuildFile; fileRef = 1482F63C2AD6974E00969449 /* Main.storyboard */; };
		1482F6402AD6974F00969449 /* Assets.xcassets in Resources */ = {isa = PBXBuildFile; fileRef = 1482F63F2AD6974F00969449 /* Assets.xcassets */; };
		1482F6432AD6974F00969449 /* LaunchScreen.storyboard in Resources */ = {isa = PBXBuildFile; fileRef = 1482F6412AD6974F00969449 /* LaunchScreen.storyboard */; };
		1482F64B2AD699F300969449 /* MapViewController.swift in Sources */ = {isa = PBXBuildFile; fileRef = 1482F64A2AD699F300969449 /* MapViewController.swift */; };
		1482F64D2AD69A0000969449 /* TAbleViewController.swift in Sources */ = {isa = PBXBuildFile; fileRef = 1482F64C2AD69A0000969449 /* TAbleViewController.swift */; };
/* End PBXBuildFile section */

/* Begin PBXFileReference section */
		14420E282AD7F044006F2680 /* DetailViewController.swift */ = {isa = PBXFileReference; lastKnownFileType = sourcecode.swift; path = DetailViewController.swift; sourceTree = "<group>"; };
		1482F6332AD6974E00969449 /* ExJyotirlinga.app */ = {isa = PBXFileReference; explicitFileType = wrapper.application; includeInIndex = 0; path = ExJyotirlinga.app; sourceTree = BUILT_PRODUCTS_DIR; };
		1482F6362AD6974E00969449 /* AppDelegate.swift */ = {isa = PBXFileReference; lastKnownFileType = sourcecode.swift; path = AppDelegate.swift; sourceTree = "<group>"; };
		1482F6382AD6974E00969449 /* SceneDelegate.swift */ = {isa = PBXFileReference; lastKnownFileType = sourcecode.swift; path = SceneDelegate.swift; sourceTree = "<group>"; };
		1482F63A2AD6974E00969449 /* ViewController.swift */ = {isa = PBXFileReference; lastKnownFileType = sourcecode.swift; path = ViewController.swift; sourceTree = "<group>"; };
		1482F63D2AD6974E00969449 /* Base */ = {isa = PBXFileReference; lastKnownFileType = file.storyboard; name = Base; path = Base.lproj/Main.storyboard; sourceTree = "<group>"; };
		1482F63F2AD6974F00969449 /* Assets.xcassets */ = {isa = PBXFileReference; lastKnownFileType = folder.assetcatalog; path = Assets.xcassets; sourceTree = "<group>"; };
		1482F6422AD6974F00969449 /* Base */ = {isa = PBXFileReference; lastKnownFileType = file.storyboard; name = Base; path = Base.lproj/LaunchScreen.storyboard; sourceTree = "<group>"; };
		1482F6442AD6974F00969449 /* Info.plist */ = {isa = PBXFileReference; lastKnownFileType = text.plist.xml; path = Info.plist; sourceTree = "<group>"; };
		1482F64A2AD699F300969449 /* MapViewController.swift */ = {isa = PBXFileReference; lastKnownFileType = sourcecode.swift; path = MapViewController.swift; sourceTree = "<group>"; };
		1482F64C2AD69A0000969449 /* TAbleViewController.swift */ = {isa = PBXFileReference; lastKnownFileType = sourcecode.swift; path = TAbleViewController.swift; sourceTree = "<group>"; };
/* End PBXFileReference section */

/* Begin PBXFrameworksBuildPhase section */
		1482F6302AD6974E00969449 /* Frameworks */ = {
			isa = PBXFrameworksBuildPhase;
			buildActionMask = 2147483647;
			files = (
			);
			runOnlyForDeploymentPostprocessing = 0;
		};
/* End PBXFrameworksBuildPhase section */

/* Begin PBXGroup section */
		1482F62A2AD6974D00969449 = {
			isa = PBXGroup;
			children = (
				1482F6352AD6974E00969449 /* ExJyotirlinga */,
				1482F6342AD6974E00969449 /* Products */,
			);
			sourceTree = "<group>";
		};
		1482F6342AD6974E00969449 /* Products */ = {
			isa = PBXGroup;
			children = (
				1482F6332AD6974E00969449 /* ExJyotirlinga.app */,
			);
			name = Products;
			sourceTree = "<group>";
		};
		1482F6352AD6974E00969449 /* ExJyotirlinga */ = {
			isa = PBXGroup;
			children = (
				1482F6362AD6974E00969449 /* AppDelegate.swift */,
				1482F6382AD6974E00969449 /* SceneDelegate.swift */,
				1482F63A2AD6974E00969449 /* ViewController.swift */,
				1482F64C2AD69A0000969449 /* TAbleViewController.swift */,
				1482F63C2AD6974E00969449 /* Main.storyboard */,
				14420E282AD7F044006F2680 /* DetailViewController.swift */,
				1482F64A2AD699F300969449 /* MapViewController.swift */,
				1482F63F2AD6974F00969449 /* Assets.xcassets */,
				1482F6412AD6974F00969449 /* LaunchScreen.storyboard */,
				1482F6442AD6974F00969449 /* Info.plist */,
			);
			path = ExJyotirlinga;
			sourceTree = "<group>";
		};
/* End PBXGroup section */

/* Begin PBXNativeTarget section */
		1482F6322AD6974E00969449 /* ExJyotirlinga */ = {
			isa = PBXNativeTarget;
			buildConfigurationList = 1482F6472AD6974F00969449 /* Build configuration list for PBXNativeTarget "ExJyotirlinga" */;
			buildPhases = (
				1482F62F2AD6974E00969449 /* Sources */,
				1482F6302AD6974E00969449 /* Frameworks */,
				1482F6312AD6974E00969449 /* Resources */,
			);
			buildRules = (
			);
			dependencies = (
			);
			name = ExJyotirlinga;
			productName = ExJyotirlinga;
			productReference = 1482F6332AD6974E00969449 /* ExJyotirlinga.app */;
			productType = "com.apple.product-type.application";
		};
/* End PBXNativeTarget section */

/* Begin PBXProject section */
		1482F62B2AD6974D00969449 /* Project object */ = {
			isa = PBXProject;
			attributes = {
				BuildIndependentTargetsInParallel = 1;
				LastSwiftUpdateCheck = 1420;
				LastUpgradeCheck = 1420;
				TargetAttributes = {
					1482F6322AD6974E00969449 = {
						CreatedOnToolsVersion = 14.2;
					};
				};
			};
			buildConfigurationList = 1482F62E2AD6974E00969449 /* Build configuration list for PBXProject "ExJyotirlinga" */;
			compatibilityVersion = "Xcode 14.0";
			developmentRegion = en;
			hasScannedForEncodings = 0;
			knownRegions = (
				en,
				Base,
			);
			mainGroup = 1482F62A2AD6974D00969449;
			productRefGroup = 1482F6342AD6974E00969449 /* Products */;
			projectDirPath = "";
			projectRoot = "";
			targets = (
				1482F6322AD6974E00969449 /* ExJyotirlinga */,
			);
		};
/* End PBXProject section */

/* Begin PBXResourcesBuildPhase section */
		1482F6312AD6974E00969449 /* Resources */ = {
			isa = PBXResourcesBuildPhase;
			buildActionMask = 2147483647;
			files = (
				1482F6432AD6974F00969449 /* LaunchScreen.storyboard in Resources */,
				1482F6402AD6974F00969449 /* Assets.xcassets in Resources */,
				1482F63E2AD6974E00969449 /* Main.storyboard in Resources */,
			);
			runOnlyForDeploymentPostprocessing = 0;
		};
/* End PBXResourcesBuildPhase section */

/* Begin PBXSourcesBuildPhase section */
		1482F62F2AD6974E00969449 /* Sources */ = {
			isa = PBXSourcesBuildPhase;
			buildActionMask = 2147483647;
			files = (
				1482F63B2AD6974E00969449 /* ViewController.swift in Sources */,
				1482F64D2AD69A0000969449 /* TAbleViewController.swift in Sources */,
				1482F6372AD6974E00969449 /* AppDelegate.swift in Sources */,
				14420E292AD7F044006F2680 /* DetailViewController.swift in Sources */,
				1482F6392AD6974E00969449 /* SceneDelegate.swift in Sources */,
				1482F64B2AD699F300969449 /* MapViewController.swift in Sources */,
			);
			runOnlyForDeploymentPostprocessing = 0;
		};
/* End PBXSourcesBuildPhase section */

/* Begin PBXVariantGroup section */
		1482F63C2AD6974E00969449 /* Main.storyboard */ = {
			isa = PBXVariantGroup;
			children = (
				1482F63D2AD6974E00969449 /* Base */,
			);
			name = Main.storyboard;
			sourceTree = "<group>";
		};
		1482F6412AD6974F00969449 /* LaunchScreen.storyboard */ = {
			isa = PBXVariantGroup;
			children = (
				1482F6422AD6974F00969449 /* Base */,
			);
			name = LaunchScreen.storyboard;
			sourceTree = "<group>";
		};
/* End PBXVariantGroup section */

/* Begin XCBuildConfiguration section */
		1482F6452AD6974F00969449 /* Debug */ = {
			isa = XCBuildConfiguration;
			buildSettings = {
				ALWAYS_SEARCH_USER_PATHS = NO;
				CLANG_ANALYZER_NONNULL = YES;
				CLANG_ANALYZER_NUMBER_OBJECT_CONVERSION = YES_AGGRESSIVE;
				CLANG_CXX_LANGUAGE_STANDARD = "gnu++20";
				CLANG_ENABLE_MODULES = YES;
				CLANG_ENABLE_OBJC_ARC = YES;
				CLANG_ENABLE_OBJC_WEAK = YES;
				CLANG_WARN_BLOCK_CAPTURE_AUTORELEASING = YES;
				CLANG_WARN_BOOL_CONVERSION = YES;
				CLANG_WARN_COMMA = YES;
				CLANG_WARN_CONSTANT_CONVERSION = YES;
				CLANG_WARN_DEPRECATED_OBJC_IMPLEMENTATIONS = YES;
				CLANG_WARN_DIRECT_OBJC_ISA_USAGE = YES_ERROR;
				CLANG_WARN_DOCUMENTATION_COMMENTS = YES;
				CLANG_WARN_EMPTY_BODY = YES;
				CLANG_WARN_ENUM_CONVERSION = YES;
				CLANG_WARN_INFINITE_RECURSION = YES;
				CLANG_WARN_INT_CONVERSION = YES;
				CLANG_WARN_NON_LITERAL_NULL_CONVERSION = YES;
				CLANG_WARN_OBJC_IMPLICIT_RETAIN_SELF = YES;
				CLANG_WARN_OBJC_LITERAL_CONVERSION = YES;
				CLANG_WARN_OBJC_ROOT_CLASS = YES_ERROR;
				CLANG_WARN_QUOTED_INCLUDE_IN_FRAMEWORK_HEADER = YES;
				CLANG_WARN_RANGE_LOOP_ANALYSIS = YES;
				CLANG_WARN_STRICT_PROTOTYPES = YES;
				CLANG_WARN_SUSPICIOUS_MOVE = YES;
				CLANG_WARN_UNGUARDED_AVAILABILITY = YES_AGGRESSIVE;
				CLANG_WARN_UNREACHABLE_CODE = YES;
				CLANG_WARN__DUPLICATE_METHOD_MATCH = YES;
				COPY_PHASE_STRIP = NO;
				DEBUG_INFORMATION_FORMAT = dwarf;
				ENABLE_STRICT_OBJC_MSGSEND = YES;
				ENABLE_TESTABILITY = YES;
				GCC_C_LANGUAGE_STANDARD = gnu11;
				GCC_DYNAMIC_NO_PIC = NO;
				GCC_NO_COMMON_BLOCKS = YES;
				GCC_OPTIMIZATION_LEVEL = 0;
				GCC_PREPROCESSOR_DEFINITIONS = (
					"DEBUG=1",
					"$(inherited)",
				);
				GCC_WARN_64_TO_32_BIT_CONVERSION = YES;
				GCC_WARN_ABOUT_RETURN_TYPE = YES_ERROR;
				GCC_WARN_UNDECLARED_SELECTOR = YES;
				GCC_WARN_UNINITIALIZED_AUTOS = YES_AGGRESSIVE;
				GCC_WARN_UNUSED_FUNCTION = YES;
				GCC_WARN_UNUSED_VARIABLE = YES;
				IPHONEOS_DEPLOYMENT_TARGET = 16.2;
				MTL_ENABLE_DEBUG_INFO = INCLUDE_SOURCE;
				MTL_FAST_MATH = YES;
				ONLY_ACTIVE_ARCH = YES;
				SDKROOT = iphoneos;
				SWIFT_ACTIVE_COMPILATION_CONDITIONS = DEBUG;
				SWIFT_OPTIMIZATION_LEVEL = "-Onone";
			};
			name = Debug;
		};
		1482F6462AD6974F00969449 /* Release */ = {
			isa = XCBuildConfiguration;
			buildSettings = {
				ALWAYS_SEARCH_USER_PATHS = NO;
				CLANG_ANALYZER_NONNULL = YES;
				CLANG_ANALYZER_NUMBER_OBJECT_CONVERSION = YES_AGGRESSIVE;
				CLANG_CXX_LANGUAGE_STANDARD = "gnu++20";
				CLANG_ENABLE_MODULES = YES;
				CLANG_ENABLE_OBJC_ARC = YES;
				CLANG_ENABLE_OBJC_WEAK = YES;
				CLANG_WARN_BLOCK_CAPTURE_AUTORELEASING = YES;
				CLANG_WARN_BOOL_CONVERSION = YES;
				CLANG_WARN_COMMA = YES;
				CLANG_WARN_CONSTANT_CONVERSION = YES;
				CLANG_WARN_DEPRECATED_OBJC_IMPLEMENTATIONS = YES;
				CLANG_WARN_DIRECT_OBJC_ISA_USAGE = YES_ERROR;
				CLANG_WARN_DOCUMENTATION_COMMENTS = YES;
				CLANG_WARN_EMPTY_BODY = YES;
				CLANG_WARN_ENUM_CONVERSION = YES;
				CLANG_WARN_INFINITE_RECURSION = YES;
				CLANG_WARN_INT_CONVERSION = YES;
				CLANG_WARN_NON_LITERAL_NULL_CONVERSION = YES;
				CLANG_WARN_OBJC_IMPLICIT_RETAIN_SELF = YES;
				CLANG_WARN_OBJC_LITERAL_CONVERSION = YES;
				CLANG_WARN_OBJC_ROOT_CLASS = YES_ERROR;
				CLANG_WARN_QUOTED_INCLUDE_IN_FRAMEWORK_HEADER = YES;
				CLANG_WARN_RANGE_LOOP_ANALYSIS = YES;
				CLANG_WARN_STRICT_PROTOTYPES = YES;
				CLANG_WARN_SUSPICIOUS_MOVE = YES;
				CLANG_WARN_UNGUARDED_AVAILABILITY = YES_AGGRESSIVE;
				CLANG_WARN_UNREACHABLE_CODE = YES;
				CLANG_WARN__DUPLICATE_METHOD_MATCH = YES;
				COPY_PHASE_STRIP = NO;
				DEBUG_INFORMATION_FORMAT = "dwarf-with-dsym";
				ENABLE_NS_ASSERTIONS = NO;
				ENABLE_STRICT_OBJC_MSGSEND = YES;
				GCC_C_LANGUAGE_STANDARD = gnu11;
				GCC_NO_COMMON_BLOCKS = YES;
				GCC_WARN_64_TO_32_BIT_CONVERSION = YES;
				GCC_WARN_ABOUT_RETURN_TYPE = YES_ERROR;
				GCC_WARN_UNDECLARED_SELECTOR = YES;
				GCC_WARN_UNINITIALIZED_AUTOS = YES_AGGRESSIVE;
				GCC_WARN_UNUSED_FUNCTION = YES;
				GCC_WARN_UNUSED_VARIABLE = YES;
				IPHONEOS_DEPLOYMENT_TARGET = 16.2;
				MTL_ENABLE_DEBUG_INFO = NO;
				MTL_FAST_MATH = YES;
				SDKROOT = iphoneos;
				SWIFT_COMPILATION_MODE = wholemodule;
				SWIFT_OPTIMIZATION_LEVEL = "-O";
				VALIDATE_PRODUCT = YES;
			};
			name = Release;
		};
		1482F6482AD6974F00969449 /* Debug */ = {
			isa = XCBuildConfiguration;
			buildSettings = {
				ASSETCATALOG_COMPILER_APPICON_NAME = AppIcon;
				ASSETCATALOG_COMPILER_GLOBAL_ACCENT_COLOR_NAME = AccentColor;
				CODE_SIGN_STYLE = Automatic;
				CURRENT_PROJECT_VERSION = 1;
				DEVELOPMENT_TEAM = N864W465X2;
				GENERATE_INFOPLIST_FILE = YES;
				INFOPLIST_FILE = ExJyotirlinga/Info.plist;
				INFOPLIST_KEY_UIApplicationSupportsIndirectInputEvents = YES;
				INFOPLIST_KEY_UILaunchStoryboardName = LaunchScreen;
				INFOPLIST_KEY_UIMainStoryboardFile = Main;
				INFOPLIST_KEY_UISupportedInterfaceOrientations_iPad = "UIInterfaceOrientationPortrait UIInterfaceOrientationPortraitUpsideDown UIInterfaceOrientationLandscapeLeft UIInterfaceOrientationLandscapeRight";
				INFOPLIST_KEY_UISupportedInterfaceOrientations_iPhone = "UIInterfaceOrientationPortrait UIInterfaceOrientationLandscapeLeft UIInterfaceOrientationLandscapeRight";
				LD_RUNPATH_SEARCH_PATHS = (
					"$(inherited)",
					"@executable_path/Frameworks",
				);
				MARKETING_VERSION = 1.0;
				PRODUCT_BUNDLE_IDENTIFIER = com.Rlogixx.ExJyotirlinga;
				PRODUCT_NAME = "$(TARGET_NAME)";
				SWIFT_EMIT_LOC_STRINGS = YES;
				SWIFT_VERSION = 5.0;
				TARGETED_DEVICE_FAMILY = "1,2";
			};
			name = Debug;
		};
		1482F6492AD6974F00969449 /* Release */ = {
			isa = XCBuildConfiguration;
			buildSettings = {
				ASSETCATALOG_COMPILER_APPICON_NAME = AppIcon;
				ASSETCATALOG_COMPILER_GLOBAL_ACCENT_COLOR_NAME = AccentColor;
				CODE_SIGN_STYLE = Automatic;
				CURRENT_PROJECT_VERSION = 1;
				DEVELOPMENT_TEAM = N864W465X2;
				GENERATE_INFOPLIST_FILE = YES;
				INFOPLIST_FILE = ExJyotirlinga/Info.plist;
				INFOPLIST_KEY_UIApplicationSupportsIndirectInputEvents = YES;
				INFOPLIST_KEY_UILaunchStoryboardName = LaunchScreen;
				INFOPLIST_KEY_UIMainStoryboardFile = Main;
				INFOPLIST_KEY_UISupportedInterfaceOrientations_iPad = "UIInterfaceOrientationPortrait UIInterfaceOrientationPortraitUpsideDown UIInterfaceOrientationLandscapeLeft UIInterfaceOrientationLandscapeRight";
				INFOPLIST_KEY_UISupportedInterfaceOrientations_iPhone = "UIInterfaceOrientationPortrait UIInterfaceOrientationLandscapeLeft UIInterfaceOrientationLandscapeRight";
				LD_RUNPATH_SEARCH_PATHS = (
					"$(inherited)",
					"@executable_path/Frameworks",
				);
				MARKETING_VERSION = 1.0;
				PRODUCT_BUNDLE_IDENTIFIER = com.Rlogixx.ExJyotirlinga;
				PRODUCT_NAME = "$(TARGET_NAME)";
				SWIFT_EMIT_LOC_STRINGS = YES;
				SWIFT_VERSION = 5.0;
				TARGETED_DEVICE_FAMILY = "1,2";
			};
			name = Release;
		};
/* End XCBuildConfiguration section */

/* Begin XCConfigurationList section */
		1482F62E2AD6974E00969449 /* Build configuration list for PBXProject "ExJyotirlinga" */ = {
			isa = XCConfigurationList;
			buildConfigurations = (
				1482F6452AD6974F00969449 /* Debug */,
				1482F6462AD6974F00969449 /* Release */,
			);
			defaultConfigurationIsVisible = 0;
			defaultConfigurationName = Release;
		};
		1482F6472AD6974F00969449 /* Build configuration list for PBXNativeTarget "ExJyotirlinga" */ = {
			isa = XCConfigurationList;
			buildConfigurations = (
				1482F6482AD6974F00969449 /* Debug */,
				1482F6492AD6974F00969449 /* Release */,
			);
			defaultConfigurationIsVisible = 0;
			defaultConfigurationName = Release;
		};
/* End XCConfigurationList section */
	};
	rootObject = 1482F62B2AD6974D00969449 /* Project object */;
}
